// !$*UTF8*$!
{
	archiveVersion = 1;
	classes = {
	};
	objectVersion = 46;
	objects = {

/* Begin PBXBuildFile section */
		B30E5D8919E3939700B78140 /* SagradaFamilia.jpeg in Resources */ = {isa = PBXBuildFile; fileRef = B30E5D8819E3939700B78140 /* SagradaFamilia.jpeg */; };
		B33231F619E4E46200BF0F01 /* AlbertEinsteinStamp.jpg in Resources */ = {isa = PBXBuildFile; fileRef = B33231F519E4E46200BF0F01 /* AlbertEinsteinStamp.jpg */; };
		B3C5F0F119E362500060FFE7 /* AppDelegate.swift in Sources */ = {isa = PBXBuildFile; fileRef = B3C5F0F019E362500060FFE7 /* AppDelegate.swift */; };
		B3C5F0F319E362510060FFE7 /* ViewController.swift in Sources */ = {isa = PBXBuildFile; fileRef = B3C5F0F219E362510060FFE7 /* ViewController.swift */; };
		B3C5F0F619E362510060FFE7 /* Main.storyboard in Resources */ = {isa = PBXBuildFile; fileRef = B3C5F0F419E362510060FFE7 /* Main.storyboard */; };
		B3C5F0F819E362510060FFE7 /* Images.xcassets in Resources */ = {isa = PBXBuildFile; fileRef = B3C5F0F719E362510060FFE7 /* Images.xcassets */; };
		B3C5F0FB19E362510060FFE7 /* LaunchScreen.xib in Resources */ = {isa = PBXBuildFile; fileRef = B3C5F0F919E362510060FFE7 /* LaunchScreen.xib */; };
		B3C5F10719E362510060FFE7 /* PostcardTests.swift in Sources */ = {isa = PBXBuildFile; fileRef = B3C5F10619E362510060FFE7 /* PostcardTests.swift */; };
/* End PBXBuildFile section */

/* Begin PBXContainerItemProxy section */
		B3C5F10119E362510060FFE7 /* PBXContainerItemProxy */ = {
			isa = PBXContainerItemProxy;
			containerPortal = B3C5F0E319E362500060FFE7 /* Project object */;
			proxyType = 1;
			remoteGlobalIDString = B3C5F0EA19E362500060FFE7;
			remoteInfo = Postcard;
		};
/* End PBXContainerItemProxy section */

/* Begin PBXFileReference section */
		B30E5D8819E3939700B78140 /* SagradaFamilia.jpeg */ = {isa = PBXFileReference; lastKnownFileType = image.jpeg; path = SagradaFamilia.jpeg; sourceTree = "<group>"; };
		B33231F519E4E46200BF0F01 /* AlbertEinsteinStamp.jpg */ = {isa = PBXFileReference; lastKnownFileType = image.jpeg; path = AlbertEinsteinStamp.jpg; sourceTree = "<group>"; };
		B3C5F0EB19E362500060FFE7 /* Postcard.app */ = {isa = PBXFileReference; explicitFileType = wrapper.application; includeInIndex = 0; path = Postcard.app; sourceTree = BUILT_PRODUCTS_DIR; };
		B3C5F0EF19E362500060FFE7 /* Info.plist */ = {isa = PBXFileReference; lastKnownFileType = text.plist.xml; path = Info.plist; sourceTree = "<group>"; };
		B3C5F0F019E362500060FFE7 /* AppDelegate.swift */ = {isa = PBXFileReference; lastKnownFileType = sourcecode.swift; path = AppDelegate.swift; sourceTree = "<group>"; };
		B3C5F0F219E362510060FFE7 /* ViewController.swift */ = {isa = PBXFileReference; lastKnownFileType = sourcecode.swift; path = ViewController.swift; sourceTree = "<group>"; };
		B3C5F0F519E362510060FFE7 /* Base */ = {isa = PBXFileReference; lastKnownFileType = file.storyboard; name = Base; path = Base.lproj/Main.storyboard; sourceTree = "<group>"; };
		B3C5F0F719E362510060FFE7 /* Images.xcassets */ = {isa = PBXFileReference; lastKnownFileType = folder.assetcatalog; path = Images.xcassets; sourceTree = "<group>"; };
		B3C5F0FA19E362510060FFE7 /* Base */ = {isa = PBXFileReference; lastKnownFileType = file.xib; name = Base; path = Base.lproj/LaunchScreen.xib; sourceTree = "<group>"; };
		B3C5F10019E362510060FFE7 /* PostcardTests.xctest */ = {isa = PBXFileReference; explicitFileType = wrapper.cfbundle; includeInIndex = 0; path = PostcardTests.xctest; sourceTree = BUILT_PRODUCTS_DIR; };
		B3C5F10519E362510060FFE7 /* Info.plist */ = {isa = PBXFileReference; lastKnownFileType = text.plist.xml; path = Info.plist; sourceTree = "<group>"; };
		B3C5F10619E362510060FFE7 /* PostcardTests.swift */ = {isa = PBXFileReference; lastKnownFileType = sourcecode.swift; path = PostcardTests.swift; sourceTree = "<group>"; };
/* End PBXFileReference section */

/* Begin PBXFrameworksBuildPhase section */
		B3C5F0E819E362500060FFE7 /* Frameworks */ = {
			isa = PBXFrameworksBuildPhase;
			buildActionMask = 2147483647;
			files = (
			);
			runOnlyForDeploymentPostprocessing = 0;
		};
		B3C5F0FD19E362510060FFE7 /* Frameworks */ = {
			isa = PBXFrameworksBuildPhase;
			buildActionMask = 2147483647;
			files = (
			);
			runOnlyForDeploymentPostprocessing = 0;
		};
/* End PBXFrameworksBuildPhase section */

/* Begin PBXGroup section */
		B3C5F0E219E362500060FFE7 = {
			isa = PBXGroup;
			children = (
				B3C5F0ED19E362500060FFE7 /* Postcard */,
				B3C5F10319E362510060FFE7 /* PostcardTests */,
				B3C5F0EC19E362500060FFE7 /* Products */,
			);
			sourceTree = "<group>";
		};
		B3C5F0EC19E362500060FFE7 /* Products */ = {
			isa = PBXGroup;
			children = (
				B3C5F0EB19E362500060FFE7 /* Postcard.app */,
				B3C5F10019E362510060FFE7 /* PostcardTests.xctest */,
			);
			name = Products;
			sourceTree = "<group>";
		};
		B3C5F0ED19E362500060FFE7 /* Postcard */ = {
			isa = PBXGroup;
			children = (
				B3C5F0F019E362500060FFE7 /* AppDelegate.swift */,
				B3C5F0F219E362510060FFE7 /* ViewController.swift */,
				B3C5F0F419E362510060FFE7 /* Main.storyboard */,
				B3C5F0F719E362510060FFE7 /* Images.xcassets */,
				B3C5F0F919E362510060FFE7 /* LaunchScreen.xib */,
				B3C5F0EE19E362500060FFE7 /* Supporting Files */,
			);
			path = Postcard;
			sourceTree = "<group>";
		};
		B3C5F0EE19E362500060FFE7 /* Supporting Files */ = {
			isa = PBXGroup;
			children = (
				B33231F519E4E46200BF0F01 /* AlbertEinsteinStamp.jpg */,
				B30E5D8819E3939700B78140 /* SagradaFamilia.jpeg */,
				B3C5F0EF19E362500060FFE7 /* Info.plist */,
			);
			name = "Supporting Files";
			sourceTree = "<group>";
		};
		B3C5F10319E362510060FFE7 /* PostcardTests */ = {
			isa = PBXGroup;
			children = (
				B3C5F10619E362510060FFE7 /* PostcardTests.swift */,
				B3C5F10419E362510060FFE7 /* Supporting Files */,
			);
			path = PostcardTests;
			sourceTree = "<group>";
		};
		B3C5F10419E362510060FFE7 /* Supporting Files */ = {
			isa = PBXGroup;
			children = (
				B3C5F10519E362510060FFE7 /* Info.plist */,
			);
			name = "Supporting Files";
			sourceTree = "<group>";
		};
/* End PBXGroup section */

/* Begin PBXNativeTarget section */
		B3C5F0EA19E362500060FFE7 /* Postcard */ = {
			isa = PBXNativeTarget;
			buildConfigurationList = B3C5F10A19E362510060FFE7 /* Build configuration list for PBXNativeTarget "Postcard" */;
			buildPhases = (
				B3C5F0E719E362500060FFE7 /* Sources */,
				B3C5F0E819E362500060FFE7 /* Frameworks */,
				B3C5F0E919E362500060FFE7 /* Resources */,
			);
			buildRules = (
			);
			dependencies = (
			);
			name = Postcard;
			productName = Postcard;
			productReference = B3C5F0EB19E362500060FFE7 /* Postcard.app */;
			productType = "com.apple.product-type.application";
		};
		B3C5F0FF19E362510060FFE7 /* PostcardTests */ = {
			isa = PBXNativeTarget;
			buildConfigurationList = B3C5F10D19E362510060FFE7 /* Build configuration list for PBXNativeTarget "PostcardTests" */;
			buildPhases = (
				B3C5F0FC19E362510060FFE7 /* Sources */,
				B3C5F0FD19E362510060FFE7 /* Frameworks */,
				B3C5F0FE19E362510060FFE7 /* Resources */,
			);
			buildRules = (
			);
			dependencies = (
				B3C5F10219E362510060FFE7 /* PBXTargetDependency */,
			);
			name = PostcardTests;
			productName = PostcardTests;
			productReference = B3C5F10019E362510060FFE7 /* PostcardTests.xctest */;
			productType = "com.apple.product-type.bundle.unit-test";
		};
/* End PBXNativeTarget section */

/* Begin PBXProject section */
		B3C5F0E319E362500060FFE7 /* Project object */ = {
			isa = PBXProject;
			attributes = {
				LastUpgradeCheck = 0600;
				ORGANIZATIONNAME = "Relevant Point Media";
				TargetAttributes = {
					B3C5F0EA19E362500060FFE7 = {
						CreatedOnToolsVersion = 6.0.1;
					};
					B3C5F0FF19E362510060FFE7 = {
						CreatedOnToolsVersion = 6.0.1;
						TestTargetID = B3C5F0EA19E362500060FFE7;
					};
				};
			};
			buildConfigurationList = B3C5F0E619E362500060FFE7 /* Build configuration list for PBXProject "Postcard" */;
			compatibilityVersion = "Xcode 3.2";
			developmentRegion = English;
			hasScannedForEncodings = 0;
			knownRegions = (
				en,
				Base,
			);
			mainGroup = B3C5F0E219E362500060FFE7;
			productRefGroup = B3C5F0EC19E362500060FFE7 /* Products */;
			projectDirPath = "";
			projectRoot = "";
			targets = (
				B3C5F0EA19E362500060FFE7 /* Postcard */,
				B3C5F0FF19E362510060FFE7 /* PostcardTests */,
			);
		};
/* End PBXProject section */

/* Begin PBXResourcesBuildPhase section */
		B3C5F0E919E362500060FFE7 /* Resources */ = {
			isa = PBXResourcesBuildPhase;
			buildActionMask = 2147483647;
			files = (
				B3C5F0F619E362510060FFE7 /* Main.storyboard in Resources */,
				B30E5D8919E3939700B78140 /* SagradaFamilia.jpeg in Resources */,
				B33231F619E4E46200BF0F01 /* AlbertEinsteinStamp.jpg in Resources */,
				B3C5F0FB19E362510060FFE7 /* LaunchScreen.xib in Resources */,
				B3C5F0F819E362510060FFE7 /* Images.xcassets in Resources */,
			);
			runOnlyForDeploymentPostprocessing = 0;
		};
		B3C5F0FE19E362510060FFE7 /* Resources */ = {
			isa = PBXResourcesBuildPhase;
			buildActionMask = 2147483647;
			files = (
			);
			runOnlyForDeploymentPostprocessing = 0;
		};
/* End PBXResourcesBuildPhase section */

/* Begin PBXSourcesBuildPhase section */
		B3C5F0E719E362500060FFE7 /* Sources */ = {
			isa = PBXSourcesBuildPhase;
			buildActionMask = 2147483647;
			files = (
				B3C5F0F319E362510060FFE7 /* ViewController.swift in Sources */,
				B3C5F0F119E362500060FFE7 /* AppDelegate.swift in Sources */,
			);
			runOnlyForDeploymentPostprocessing = 0;
		};
		B3C5F0FC19E362510060FFE7 /* Sources */ = {
			isa = PBXSourcesBuildPhase;
			buildActionMask = 2147483647;
			files = (
				B3C5F10719E362510060FFE7 /* PostcardTests.swift in Sources */,
			);
			runOnlyForDeploymentPostprocessing = 0;
		};
/* End PBXSourcesBuildPhase section */

/* Begin PBXTargetDependency section */
		B3C5F10219E362510060FFE7 /* PBXTargetDependency */ = {
			isa = PBXTargetDependency;
			target = B3C5F0EA19E362500060FFE7 /* Postcard */;
			targetProxy = B3C5F10119E362510060FFE7 /* PBXContainerItemProxy */;
		};
/* End PBXTargetDependency section */

/* Begin PBXVariantGroup section */
		B3C5F0F419E362510060FFE7 /* Main.storyboard */ = {
			isa = PBXVariantGroup;
			children = (
				B3C5F0F519E362510060FFE7 /* Base */,
			);
			name = Main.storyboard;
			sourceTree = "<group>";
		};
		B3C5F0F919E362510060FFE7 /* LaunchScreen.xib */ = {
			isa = PBXVariantGroup;
			children = (
				B3C5F0FA19E362510060FFE7 /* Base */,
			);
			name = LaunchScreen.xib;
			sourceTree = "<group>";
		};
/* End PBXVariantGroup section */

/* Begin XCBuildConfiguration section */
		B3C5F10819E362510060FFE7 /* Debug */ = {
			isa = XCBuildConfiguration;
			buildSettings = {
				ALWAYS_SEARCH_USER_PATHS = NO;
				CLANG_CXX_LANGUAGE_STANDARD = "gnu++0x";
				CLANG_CXX_LIBRARY = "libc++";
				CLANG_ENABLE_MODULES = YES;
				CLANG_ENABLE_OBJC_ARC = YES;
				CLANG_WARN_BOOL_CONVERSION = YES;
				CLANG_WARN_CONSTANT_CONVERSION = YES;
				CLANG_WARN_DIRECT_OBJC_ISA_USAGE = YES_ERROR;
				CLANG_WARN_EMPTY_BODY = YES;
				CLANG_WARN_ENUM_CONVERSION = YES;
				CLANG_WARN_INT_CONVERSION = YES;
				CLANG_WARN_OBJC_ROOT_CLASS = YES_ERROR;
				CLANG_WARN_UNREACHABLE_CODE = YES;
				CLANG_WARN__DUPLICATE_METHOD_MATCH = YES;
				"CODE_SIGN_IDENTITY[sdk=iphoneos*]" = "iPhone Developer";
				COPY_PHASE_STRIP = NO;
				ENABLE_STRICT_OBJC_MSGSEND = YES;
				GCC_C_LANGUAGE_STANDARD = gnu99;
				GCC_DYNAMIC_NO_PIC = NO;
				GCC_OPTIMIZATION_LEVEL = 0;
				GCC_PREPROCESSOR_DEFINITIONS = (
					"DEBUG=1",
					"$(inherited)",
				);
				GCC_SYMBOLS_PRIVATE_EXTERN = NO;
				GCC_WARN_64_TO_32_BIT_CONVERSION = YES;
				GCC_WARN_ABOUT_RETURN_TYPE = YES_ERROR;
				GCC_WARN_UNDECLARED_SELECTOR = YES;
				GCC_WARN_UNINITIALIZED_AUTOS = YES_AGGRESSIVE;
				GCC_WARN_UNUSED_FUNCTION = YES;
				GCC_WARN_UNUSED_VARIABLE = YES;
				IPHONEOS_DEPLOYMENT_TARGET = 8.0;
				MTL_ENABLE_DEBUG_INFO = YES;
				ONLY_ACTIVE_ARCH = YES;
				SDKROOT = iphoneos;
				SWIFT_OPTIMIZATION_LEVEL = "-Onone";
				TARGETED_DEVICE_FAMILY = "1,2";
			};
			name = Debug;
		};
		B3C5F10919E362510060FFE7 /* Release */ = {
			isa = XCBuildConfiguration;
			buildSettings = {
				ALWAYS_SEARCH_USER_PATHS = NO;
				CLANG_CXX_LANGUAGE_STANDARD = "gnu++0x";
				CLANG_CXX_LIBRARY = "libc++";
				CLANG_ENABLE_MODULES = YES;
				CLANG_ENABLE_OBJC_ARC = YES;
				CLANG_WARN_BOOL_CONVERSION = YES;
				CLANG_WARN_CONSTANT_CONVERSION = YES;
				CLANG_WARN_DIRECT_OBJC_ISA_USAGE = YES_ERROR;
				CLANG_WARN_EMPTY_BODY = YES;
				CLANG_WARN_ENUM_CONVERSION = YES;
				CLANG_WARN_INT_CONVERSION = YES;
				CLANG_WARN_OBJC_ROOT_CLASS = YES_ERROR;
				CLANG_WARN_UNREACHABLE_CODE = YES;
				CLANG_WARN__DUPLICATE_METHOD_MATCH = YES;
				"CODE_SIGN_IDENTITY[sdk=iphoneos*]" = "iPhone Developer";
				COPY_PHASE_STRIP = YES;
				ENABLE_NS_ASSERTIONS = NO;
				ENABLE_STRICT_OBJC_MSGSEND = YES;
				GCC_C_LANGUAGE_STANDARD = gnu99;
				GCC_WARN_64_TO_32_BIT_CONVERSION = YES;
				GCC_WARN_ABOUT_RETURN_TYPE = YES_ERROR;
				GCC_WARN_UNDECLARED_SELECTOR = YES;
				GCC_WARN_UNINITIALIZED_AUTOS = YES_AGGRESSIVE;
				GCC_WARN_UNUSED_FUNCTION = YES;
				GCC_WARN_UNUSED_VARIABLE = YES;
				IPHONEOS_DEPLOYMENT_TARGET = 8.0;
				MTL_ENABLE_DEBUG_INFO = NO;
				SDKROOT = iphoneos;
				TARGETED_DEVICE_FAMILY = "1,2";
				VALIDATE_PRODUCT = YES;
			};
			name = Release;
		};
		B3C5F10B19E362510060FFE7 /* Debug */ = {
			isa = XCBuildConfiguration;
			buildSettings = {
				ASSETCATALOG_COMPILER_APPICON_NAME = AppIcon;
				INFOPLIST_FILE = Postcard/Info.plist;
				LD_RUNPATH_SEARCH_PATHS = "$(inherited) @executable_path/Frameworks";
				PRODUCT_NAME = "$(TARGET_NAME)";
			};
			name = Debug;
		};
		B3C5F10C19E362510060FFE7 /* Release */ = {
			isa = XCBuildConfiguration;
			buildSettings = {
				ASSETCATALOG_COMPILER_APPICON_NAME = AppIcon;
				INFOPLIST_FILE = Postcard/Info.plist;
				LD_RUNPATH_SEARCH_PATHS = "$(inherited) @executable_path/Frameworks";
				PRODUCT_NAME = "$(TARGET_NAME)";
			};
			name = Release;
		};
		B3C5F10E19E362510060FFE7 /* Debug */ = {
			isa = XCBuildConfiguration;
			buildSettings = {
				BUNDLE_LOADER = "$(TEST_HOST)";
				FRAMEWORK_SEARCH_PATHS = (
					"$(SDKROOT)/Developer/Library/Frameworks",
					"$(inherited)",
				);
				GCC_PREPROCESSOR_DEFINITIONS = (
					"DEBUG=1",
					"$(inherited)",
				);
				INFOPLIST_FILE = PostcardTests/Info.plist;
				LD_RUNPATH_SEARCH_PATHS = "$(inherited) @executable_path/Frameworks @loader_path/Frameworks";
				PRODUCT_NAME = "$(TARGET_NAME)";
				TEST_HOST = "$(BUILT_PRODUCTS_DIR)/Postcard.app/Postcard";
			};
			name = Debug;
		};
		B3C5F10F19E362510060FFE7 /* Release */ = {
			isa = XCBuildConfiguration;
			buildSettings = {
				BUNDLE_LOADER = "$(TEST_HOST)";
				FRAMEWORK_SEARCH_PATHS = (
					"$(SDKROOT)/Developer/Library/Frameworks",
					"$(inherited)",
				);
				INFOPLIST_FILE = PostcardTests/Info.plist;
				LD_RUNPATH_SEARCH_PATHS = "$(inherited) @executable_path/Frameworks @loader_path/Frameworks";
				PRODUCT_NAME = "$(TARGET_NAME)";
				TEST_HOST = "$(BUILT_PRODUCTS_DIR)/Postcard.app/Postcard";
			};
			name = Release;
		};
/* End XCBuildConfiguration section */

/* Begin XCConfigurationList section */
		B3C5F0E619E362500060FFE7 /* Build configuration list for PBXProject "Postcard" */ = {
			isa = XCConfigurationList;
			buildConfigurations = (
				B3C5F10819E362510060FFE7 /* Debug */,
				B3C5F10919E362510060FFE7 /* Release */,
			);
			defaultConfigurationIsVisible = 0;
			defaultConfigurationName = Release;
		};
		B3C5F10A19E362510060FFE7 /* Build configuration list for PBXNativeTarget "Postcard" */ = {
			isa = XCConfigurationList;
			buildConfigurations = (
				B3C5F10B19E362510060FFE7 /* Debug */,
				B3C5F10C19E362510060FFE7 /* Release */,
			);
			defaultConfigurationIsVisible = 0;
			defaultConfigurationName = Release;
		};
		B3C5F10D19E362510060FFE7 /* Build configuration list for PBXNativeTarget "PostcardTests" */ = {
			isa = XCConfigurationList;
			buildConfigurations = (
				B3C5F10E19E362510060FFE7 /* Debug */,
				B3C5F10F19E362510060FFE7 /* Release */,
			);
			defaultConfigurationIsVisible = 0;
			defaultConfigurationName = Release;
		};
/* End XCConfigurationList section */
	};
	rootObject = B3C5F0E319E362500060FFE7 /* Project object */;
}
